// !$*UTF8*$!
{
	archiveVersion = 1;
	classes = {
	};
	objectVersion = 46;
	objects = {

/* Begin PBXBuildFile section */
		30F2B1011D4A523A0094A21A /* AppDelegate.swift in Sources */ = {isa = PBXBuildFile; fileRef = 30F2B1001D4A523A0094A21A /* AppDelegate.swift */; };
		30F2B1031D4A523A0094A21A /* ViewController.swift in Sources */ = {isa = PBXBuildFile; fileRef = 30F2B1021D4A523A0094A21A /* ViewController.swift */; };
		30F2B1061D4A523A0094A21A /* Main.storyboard in Resources */ = {isa = PBXBuildFile; fileRef = 30F2B1041D4A523A0094A21A /* Main.storyboard */; };
		30F2B1081D4A523A0094A21A /* Assets.xcassets in Resources */ = {isa = PBXBuildFile; fileRef = 30F2B1071D4A523A0094A21A /* Assets.xcassets */; };
		30F2B10B1D4A523A0094A21A /* LaunchScreen.storyboard in Resources */ = {isa = PBXBuildFile; fileRef = 30F2B1091D4A523A0094A21A /* LaunchScreen.storyboard */; };
		30F2B1161D4A523A0094A21A /* rrTests.swift in Sources */ = {isa = PBXBuildFile; fileRef = 30F2B1151D4A523A0094A21A /* rrTests.swift */; };
		30F2B1211D4A523A0094A21A /* rrUITests.swift in Sources */ = {isa = PBXBuildFile; fileRef = 30F2B1201D4A523A0094A21A /* rrUITests.swift */; };
		30F2B12F1D4A56AE0094A21A /* View.swift in Sources */ = {isa = PBXBuildFile; fileRef = 30F2B12E1D4A56AE0094A21A /* View.swift */; };
/* End PBXBuildFile section */

/* Begin PBXContainerItemProxy section */
		30F2B1121D4A523A0094A21A /* PBXContainerItemProxy */ = {
			isa = PBXContainerItemProxy;
			containerPortal = 30F2B0F51D4A523A0094A21A /* Project object */;
			proxyType = 1;
			remoteGlobalIDString = 30F2B0FC1D4A523A0094A21A;
			remoteInfo = rr;
		};
		30F2B11D1D4A523A0094A21A /* PBXContainerItemProxy */ = {
			isa = PBXContainerItemProxy;
			containerPortal = 30F2B0F51D4A523A0094A21A /* Project object */;
			proxyType = 1;
			remoteGlobalIDString = 30F2B0FC1D4A523A0094A21A;
			remoteInfo = rr;
		};
/* End PBXContainerItemProxy section */

/* Begin PBXFileReference section */
		30F2B0FD1D4A523A0094A21A /* rr.app */ = {isa = PBXFileReference; explicitFileType = wrapper.application; includeInIndex = 0; path = rr.app; sourceTree = BUILT_PRODUCTS_DIR; };
		30F2B1001D4A523A0094A21A /* AppDelegate.swift */ = {isa = PBXFileReference; lastKnownFileType = sourcecode.swift; path = AppDelegate.swift; sourceTree = "<group>"; };
		30F2B1021D4A523A0094A21A /* ViewController.swift */ = {isa = PBXFileReference; lastKnownFileType = sourcecode.swift; path = ViewController.swift; sourceTree = "<group>"; };
		30F2B1051D4A523A0094A21A /* Base */ = {isa = PBXFileReference; lastKnownFileType = file.storyboard; name = Base; path = Base.lproj/Main.storyboard; sourceTree = "<group>"; };
		30F2B1071D4A523A0094A21A /* Assets.xcassets */ = {isa = PBXFileReference; lastKnownFileType = folder.assetcatalog; path = Assets.xcassets; sourceTree = "<group>"; };
		30F2B10A1D4A523A0094A21A /* Base */ = {isa = PBXFileReference; lastKnownFileType = file.storyboard; name = Base; path = Base.lproj/LaunchScreen.storyboard; sourceTree = "<group>"; };
		30F2B10C1D4A523A0094A21A /* Info.plist */ = {isa = PBXFileReference; lastKnownFileType = text.plist.xml; path = Info.plist; sourceTree = "<group>"; };
		30F2B1111D4A523A0094A21A /* rrTests.xctest */ = {isa = PBXFileReference; explicitFileType = wrapper.cfbundle; includeInIndex = 0; path = rrTests.xctest; sourceTree = BUILT_PRODUCTS_DIR; };
		30F2B1151D4A523A0094A21A /* rrTests.swift */ = {isa = PBXFileReference; lastKnownFileType = sourcecode.swift; path = rrTests.swift; sourceTree = "<group>"; };
		30F2B1171D4A523A0094A21A /* Info.plist */ = {isa = PBXFileReference; lastKnownFileType = text.plist.xml; path = Info.plist; sourceTree = "<group>"; };
		30F2B11C1D4A523A0094A21A /* rrUITests.xctest */ = {isa = PBXFileReference; explicitFileType = wrapper.cfbundle; includeInIndex = 0; path = rrUITests.xctest; sourceTree = BUILT_PRODUCTS_DIR; };
		30F2B1201D4A523A0094A21A /* rrUITests.swift */ = {isa = PBXFileReference; lastKnownFileType = sourcecode.swift; path = rrUITests.swift; sourceTree = "<group>"; };
		30F2B1221D4A523A0094A21A /* Info.plist */ = {isa = PBXFileReference; lastKnownFileType = text.plist.xml; path = Info.plist; sourceTree = "<group>"; };
		30F2B12E1D4A56AE0094A21A /* View.swift */ = {isa = PBXFileReference; fileEncoding = 4; lastKnownFileType = sourcecode.swift; path = View.swift; sourceTree = "<group>"; };
/* End PBXFileReference section */

/* Begin PBXFrameworksBuildPhase section */
		30F2B0FA1D4A523A0094A21A /* Frameworks */ = {
			isa = PBXFrameworksBuildPhase;
			buildActionMask = 2147483647;
			files = (
			);
			runOnlyForDeploymentPostprocessing = 0;
		};
		30F2B10E1D4A523A0094A21A /* Frameworks */ = {
			isa = PBXFrameworksBuildPhase;
			buildActionMask = 2147483647;
			files = (
			);
			runOnlyForDeploymentPostprocessing = 0;
		};
		30F2B1191D4A523A0094A21A /* Frameworks */ = {
			isa = PBXFrameworksBuildPhase;
			buildActionMask = 2147483647;
			files = (
			);
			runOnlyForDeploymentPostprocessing = 0;
		};
/* End PBXFrameworksBuildPhase section */

/* Begin PBXGroup section */
		30F2B0F41D4A523A0094A21A = {
			isa = PBXGroup;
			children = (
				30F2B0FF1D4A523A0094A21A /* rr */,
				30F2B1141D4A523A0094A21A /* rrTests */,
				30F2B11F1D4A523A0094A21A /* rrUITests */,
				30F2B0FE1D4A523A0094A21A /* Products */,
			);
			sourceTree = "<group>";
		};
		30F2B0FE1D4A523A0094A21A /* Products */ = {
			isa = PBXGroup;
			children = (
				30F2B0FD1D4A523A0094A21A /* rr.app */,
				30F2B1111D4A523A0094A21A /* rrTests.xctest */,
				30F2B11C1D4A523A0094A21A /* rrUITests.xctest */,
			);
			name = Products;
			sourceTree = "<group>";
		};
		30F2B0FF1D4A523A0094A21A /* rr */ = {
			isa = PBXGroup;
			children = (
				30F2B1001D4A523A0094A21A /* AppDelegate.swift */,
				30F2B1021D4A523A0094A21A /* ViewController.swift */,
				30F2B1041D4A523A0094A21A /* Main.storyboard */,
				30F2B1071D4A523A0094A21A /* Assets.xcassets */,
				30F2B1091D4A523A0094A21A /* LaunchScreen.storyboard */,
				30F2B10C1D4A523A0094A21A /* Info.plist */,
				30F2B12E1D4A56AE0094A21A /* View.swift */,
			);
			path = rr;
			sourceTree = "<group>";
		};
		30F2B1141D4A523A0094A21A /* rrTests */ = {
			isa = PBXGroup;
			children = (
				30F2B1151D4A523A0094A21A /* rrTests.swift */,
				30F2B1171D4A523A0094A21A /* Info.plist */,
			);
			path = rrTests;
			sourceTree = "<group>";
		};
		30F2B11F1D4A523A0094A21A /* rrUITests */ = {
			isa = PBXGroup;
			children = (
				30F2B1201D4A523A0094A21A /* rrUITests.swift */,
				30F2B1221D4A523A0094A21A /* Info.plist */,
			);
			path = rrUITests;
			sourceTree = "<group>";
		};
/* End PBXGroup section */

/* Begin PBXNativeTarget section */
		30F2B0FC1D4A523A0094A21A /* rr */ = {
			isa = PBXNativeTarget;
			buildConfigurationList = 30F2B1251D4A523A0094A21A /* Build configuration list for PBXNativeTarget "rr" */;
			buildPhases = (
				30F2B0F91D4A523A0094A21A /* Sources */,
				30F2B0FA1D4A523A0094A21A /* Frameworks */,
				30F2B0FB1D4A523A0094A21A /* Resources */,
			);
			buildRules = (
			);
			dependencies = (
			);
			name = rr;
			productName = rr;
			productReference = 30F2B0FD1D4A523A0094A21A /* rr.app */;
			productType = "com.apple.product-type.application";
		};
		30F2B1101D4A523A0094A21A /* rrTests */ = {
			isa = PBXNativeTarget;
			buildConfigurationList = 30F2B1281D4A523A0094A21A /* Build configuration list for PBXNativeTarget "rrTests" */;
			buildPhases = (
				30F2B10D1D4A523A0094A21A /* Sources */,
				30F2B10E1D4A523A0094A21A /* Frameworks */,
				30F2B10F1D4A523A0094A21A /* Resources */,
			);
			buildRules = (
			);
			dependencies = (
				30F2B1131D4A523A0094A21A /* PBXTargetDependency */,
			);
			name = rrTests;
			productName = rrTests;
			productReference = 30F2B1111D4A523A0094A21A /* rrTests.xctest */;
			productType = "com.apple.product-type.bundle.unit-test";
		};
		30F2B11B1D4A523A0094A21A /* rrUITests */ = {
			isa = PBXNativeTarget;
			buildConfigurationList = 30F2B12B1D4A523A0094A21A /* Build configuration list for PBXNativeTarget "rrUITests" */;
			buildPhases = (
				30F2B1181D4A523A0094A21A /* Sources */,
				30F2B1191D4A523A0094A21A /* Frameworks */,
				30F2B11A1D4A523A0094A21A /* Resources */,
			);
			buildRules = (
			);
			dependencies = (
				30F2B11E1D4A523A0094A21A /* PBXTargetDependency */,
			);
			name = rrUITests;
			productName = rrUITests;
			productReference = 30F2B11C1D4A523A0094A21A /* rrUITests.xctest */;
			productType = "com.apple.product-type.bundle.ui-testing";
		};
/* End PBXNativeTarget section */

/* Begin PBXProject section */
		30F2B0F51D4A523A0094A21A /* Project object */ = {
			isa = PBXProject;
			attributes = {
				LastSwiftUpdateCheck = 0730;
				LastUpgradeCheck = 0730;
				ORGANIZATIONNAME = "Tahia ata";
				TargetAttributes = {
					30F2B0FC1D4A523A0094A21A = {
						CreatedOnToolsVersion = 7.3.1;
						DevelopmentTeam = FK2AEPK2MK;
					};
					30F2B1101D4A523A0094A21A = {
						CreatedOnToolsVersion = 7.3.1;
						DevelopmentTeam = FK2AEPK2MK;
						TestTargetID = 30F2B0FC1D4A523A0094A21A;
					};
					30F2B11B1D4A523A0094A21A = {
						CreatedOnToolsVersion = 7.3.1;
						DevelopmentTeam = FK2AEPK2MK;
						TestTargetID = 30F2B0FC1D4A523A0094A21A;
					};
				};
			};
			buildConfigurationList = 30F2B0F81D4A523A0094A21A /* Build configuration list for PBXProject "rr" */;
			compatibilityVersion = "Xcode 3.2";
			developmentRegion = English;
			hasScannedForEncodings = 0;
			knownRegions = (
				en,
				Base,
			);
			mainGroup = 30F2B0F41D4A523A0094A21A;
			productRefGroup = 30F2B0FE1D4A523A0094A21A /* Products */;
			projectDirPath = "";
			projectRoot = "";
			targets = (
				30F2B0FC1D4A523A0094A21A /* rr */,
				30F2B1101D4A523A0094A21A /* rrTests */,
				30F2B11B1D4A523A0094A21A /* rrUITests */,
			);
		};
/* End PBXProject section */

/* Begin PBXResourcesBuildPhase section */
		30F2B0FB1D4A523A0094A21A /* Resources */ = {
			isa = PBXResourcesBuildPhase;
			buildActionMask = 2147483647;
			files = (
				30F2B10B1D4A523A0094A21A /* LaunchScreen.storyboard in Resources */,
				30F2B1081D4A523A0094A21A /* Assets.xcassets in Resources */,
				30F2B1061D4A523A0094A21A /* Main.storyboard in Resources */,
			);
			runOnlyForDeploymentPostprocessing = 0;
		};
		30F2B10F1D4A523A0094A21A /* Resources */ = {
			isa = PBXResourcesBuildPhase;
			buildActionMask = 2147483647;
			files = (
			);
			runOnlyForDeploymentPostprocessing = 0;
		};
		30F2B11A1D4A523A0094A21A /* Resources */ = {
			isa = PBXResourcesBuildPhase;
			buildActionMask = 2147483647;
			files = (
			);
			runOnlyForDeploymentPostprocessing = 0;
		};
/* End PBXResourcesBuildPhase section */

/* Begin PBXSourcesBuildPhase section */
		30F2B0F91D4A523A0094A21A /* Sources */ = {
			isa = PBXSourcesBuildPhase;
			buildActionMask = 2147483647;
			files = (
				30F2B1031D4A523A0094A21A /* ViewController.swift in Sources */,
				30F2B1011D4A523A0094A21A /* AppDelegate.swift in Sources */,
				30F2B12F1D4A56AE0094A21A /* View.swift in Sources */,
			);
			runOnlyForDeploymentPostprocessing = 0;
		};
		30F2B10D1D4A523A0094A21A /* Sources */ = {
			isa = PBXSourcesBuildPhase;
			buildActionMask = 2147483647;
			files = (
				30F2B1161D4A523A0094A21A /* rrTests.swift in Sources */,
			);
			runOnlyForDeploymentPostprocessing = 0;
		};
		30F2B1181D4A523A0094A21A /* Sources */ = {
			isa = PBXSourcesBuildPhase;
			buildActionMask = 2147483647;
			files = (
				30F2B1211D4A523A0094A21A /* rrUITests.swift in Sources */,
			);
			runOnlyForDeploymentPostprocessing = 0;
		};
/* End PBXSourcesBuildPhase section */

/* Begin PBXTargetDependency section */
		30F2B1131D4A523A0094A21A /* PBXTargetDependency */ = {
			isa = PBXTargetDependency;
			target = 30F2B0FC1D4A523A0094A21A /* rr */;
			targetProxy = 30F2B1121D4A523A0094A21A /* PBXContainerItemProxy */;
		};
		30F2B11E1D4A523A0094A21A /* PBXTargetDependency */ = {
			isa = PBXTargetDependency;
			target = 30F2B0FC1D4A523A0094A21A /* rr */;
			targetProxy = 30F2B11D1D4A523A0094A21A /* PBXContainerItemProxy */;
		};
/* End PBXTargetDependency section */

/* Begin PBXVariantGroup section */
		30F2B1041D4A523A0094A21A /* Main.storyboard */ = {
			isa = PBXVariantGroup;
			children = (
				30F2B1051D4A523A0094A21A /* Base */,
			);
			name = Main.storyboard;
			sourceTree = "<group>";
		};
		30F2B1091D4A523A0094A21A /* LaunchScreen.storyboard */ = {
			isa = PBXVariantGroup;
			children = (
				30F2B10A1D4A523A0094A21A /* Base */,
			);
			name = LaunchScreen.storyboard;
			sourceTree = "<group>";
		};
/* End PBXVariantGroup section */

/* Begin XCBuildConfiguration section */
		30F2B1231D4A523A0094A21A /* Debug */ = {
			isa = XCBuildConfiguration;
			buildSettings = {
				ALWAYS_SEARCH_USER_PATHS = NO;
				CLANG_ANALYZER_NONNULL = YES;
				CLANG_CXX_LANGUAGE_STANDARD = "gnu++0x";
				CLANG_CXX_LIBRARY = "libc++";
				CLANG_ENABLE_MODULES = YES;
				CLANG_ENABLE_OBJC_ARC = YES;
				CLANG_WARN_BOOL_CONVERSION = YES;
				CLANG_WARN_CONSTANT_CONVERSION = YES;
				CLANG_WARN_DIRECT_OBJC_ISA_USAGE = YES_ERROR;
				CLANG_WARN_EMPTY_BODY = YES;
				CLANG_WARN_ENUM_CONVERSION = YES;
				CLANG_WARN_INT_CONVERSION = YES;
				CLANG_WARN_OBJC_ROOT_CLASS = YES_ERROR;
				CLANG_WARN_UNREACHABLE_CODE = YES;
				CLANG_WARN__DUPLICATE_METHOD_MATCH = YES;
				"CODE_SIGN_IDENTITY[sdk=iphoneos*]" = "iPhone Developer";
				COPY_PHASE_STRIP = NO;
				DEBUG_INFORMATION_FORMAT = dwarf;
				ENABLE_STRICT_OBJC_MSGSEND = YES;
				ENABLE_TESTABILITY = YES;
				GCC_C_LANGUAGE_STANDARD = gnu99;
				GCC_DYNAMIC_NO_PIC = NO;
				GCC_NO_COMMON_BLOCKS = YES;
				GCC_OPTIMIZATION_LEVEL = 0;
				GCC_PREPROCESSOR_DEFINITIONS = (
					"DEBUG=1",
					"$(inherited)",
				);
				GCC_WARN_64_TO_32_BIT_CONVERSION = YES;
				GCC_WARN_ABOUT_RETURN_TYPE = YES_ERROR;
				GCC_WARN_UNDECLARED_SELECTOR = YES;
				GCC_WARN_UNINITIALIZED_AUTOS = YES_AGGRESSIVE;
				GCC_WARN_UNUSED_FUNCTION = YES;
				GCC_WARN_UNUSED_VARIABLE = YES;
				IPHONEOS_DEPLOYMENT_TARGET = 9.3;
				MTL_ENABLE_DEBUG_INFO = YES;
				ONLY_ACTIVE_ARCH = YES;
				SDKROOT = iphoneos;
				SWIFT_OPTIMIZATION_LEVEL = "-Onone";
			};
			name = Debug;
		};
		30F2B1241D4A523A0094A21A /* Release */ = {
			isa = XCBuildConfiguration;
			buildSettings = {
				ALWAYS_SEARCH_USER_PATHS = NO;
				CLANG_ANALYZER_NONNULL = YES;
				CLANG_CXX_LANGUAGE_STANDARD = "gnu++0x";
				CLANG_CXX_LIBRARY = "libc++";
				CLANG_ENABLE_MODULES = YES;
				CLANG_ENABLE_OBJC_ARC = YES;
				CLANG_WARN_BOOL_CONVERSION = YES;
				CLANG_WARN_CONSTANT_CONVERSION = YES;
				CLANG_WARN_DIRECT_OBJC_ISA_USAGE = YES_ERROR;
				CLANG_WARN_EMPTY_BODY = YES;
				CLANG_WARN_ENUM_CONVERSION = YES;
				CLANG_WARN_INT_CONVERSION = YES;
				CLANG_WARN_OBJC_ROOT_CLASS = YES_ERROR;
				CLANG_WARN_UNREACHABLE_CODE = YES;
				CLANG_WARN__DUPLICATE_METHOD_MATCH = YES;
				"CODE_SIGN_IDENTITY[sdk=iphoneos*]" = "iPhone Developer";
				COPY_PHASE_STRIP = NO;
				DEBUG_INFORMATION_FORMAT = "dwarf-with-dsym";
				ENABLE_NS_ASSERTIONS = NO;
				ENABLE_STRICT_OBJC_MSGSEND = YES;
				GCC_C_LANGUAGE_STANDARD = gnu99;
				GCC_NO_COMMON_BLOCKS = YES;
				GCC_WARN_64_TO_32_BIT_CONVERSION = YES;
				GCC_WARN_ABOUT_RETURN_TYPE = YES_ERROR;
				GCC_WARN_UNDECLARED_SELECTOR = YES;
				GCC_WARN_UNINITIALIZED_AUTOS = YES_AGGRESSIVE;
				GCC_WARN_UNUSED_FUNCTION = YES;
				GCC_WARN_UNUSED_VARIABLE = YES;
				IPHONEOS_DEPLOYMENT_TARGET = 9.3;
				MTL_ENABLE_DEBUG_INFO = NO;
				SDKROOT = iphoneos;
				VALIDATE_PRODUCT = YES;
			};
			name = Release;
		};
		30F2B1261D4A523A0094A21A /* Debug */ = {
			isa = XCBuildConfiguration;
			buildSettings = {
				ASSETCATALOG_COMPILER_APPICON_NAME = AppIcon;
				INFOPLIST_FILE = rr/Info.plist;
				LD_RUNPATH_SEARCH_PATHS = "$(inherited) @executable_path/Frameworks";
				PRODUCT_BUNDLE_IDENTIFIER = test2.rr;
				PRODUCT_NAME = "$(TARGET_NAME)";
			};
			name = Debug;
		};
		30F2B1271D4A523A0094A21A /* Release */ = {
			isa = XCBuildConfiguration;
			buildSettings = {
				ASSETCATALOG_COMPILER_APPICON_NAME = AppIcon;
				INFOPLIST_FILE = rr/Info.plist;
				LD_RUNPATH_SEARCH_PATHS = "$(inherited) @executable_path/Frameworks";
				PRODUCT_BUNDLE_IDENTIFIER = test2.rr;
				PRODUCT_NAME = "$(TARGET_NAME)";
			};
			name = Release;
		};
		30F2B1291D4A523A0094A21A /* Debug */ = {
			isa = XCBuildConfiguration;
			buildSettings = {
				BUNDLE_LOADER = "$(TEST_HOST)";
				INFOPLIST_FILE = rrTests/Info.plist;
				LD_RUNPATH_SEARCH_PATHS = "$(inherited) @executable_path/Frameworks @loader_path/Frameworks";
				PRODUCT_BUNDLE_IDENTIFIER = test2.rrTests;
				PRODUCT_NAME = "$(TARGET_NAME)";
				TEST_HOST = "$(BUILT_PRODUCTS_DIR)/rr.app/rr";
			};
			name = Debug;
		};
		30F2B12A1D4A523A0094A21A /* Release */ = {
			isa = XCBuildConfiguration;
			buildSettings = {
				BUNDLE_LOADER = "$(TEST_HOST)";
				INFOPLIST_FILE = rrTests/Info.plist;
				LD_RUNPATH_SEARCH_PATHS = "$(inherited) @executable_path/Frameworks @loader_path/Frameworks";
				PRODUCT_BUNDLE_IDENTIFIER = test2.rrTests;
				PRODUCT_NAME = "$(TARGET_NAME)";
				TEST_HOST = "$(BUILT_PRODUCTS_DIR)/rr.app/rr";
			};
			name = Release;
		};
		30F2B12C1D4A523A0094A21A /* Debug */ = {
			isa = XCBuildConfiguration;
			buildSettings = {
				INFOPLIST_FILE = rrUITests/Info.plist;
				LD_RUNPATH_SEARCH_PATHS = "$(inherited) @executable_path/Frameworks @loader_path/Frameworks";
				PRODUCT_BUNDLE_IDENTIFIER = test2.rrUITests;
				PRODUCT_NAME = "$(TARGET_NAME)";
				TEST_TARGET_NAME = rr;
			};
			name = Debug;
		};
		30F2B12D1D4A523A0094A21A /* Release */ = {
			isa = XCBuildConfiguration;
			buildSettings = {
				INFOPLIST_FILE = rrUITests/Info.plist;
				LD_RUNPATH_SEARCH_PATHS = "$(inherited) @executable_path/Frameworks @loader_path/Frameworks";
				PRODUCT_BUNDLE_IDENTIFIER = test2.rrUITests;
				PRODUCT_NAME = "$(TARGET_NAME)";
				TEST_TARGET_NAME = rr;
			};
			name = Release;
		};
/* End XCBuildConfiguration section */

/* Begin XCConfigurationList section */
		30F2B0F81D4A523A0094A21A /* Build configuration list for PBXProject "rr" */ = {
			isa = XCConfigurationList;
			buildConfigurations = (
				30F2B1231D4A523A0094A21A /* Debug */,
				30F2B1241D4A523A0094A21A /* Release */,
			);
			defaultConfigurationIsVisible = 0;
			defaultConfigurationName = Release;
		};
		30F2B1251D4A523A0094A21A /* Build configuration list for PBXNativeTarget "rr" */ = {
			isa = XCConfigurationList;
			buildConfigurations = (
				30F2B1261D4A523A0094A21A /* Debug */,
				30F2B1271D4A523A0094A21A /* Release */,
			);
			defaultConfigurationIsVisible = 0;
		};
		30F2B1281D4A523A0094A21A /* Build configuration list for PBXNativeTarget "rrTests" */ = {
			isa = XCConfigurationList;
			buildConfigurations = (
				30F2B1291D4A523A0094A21A /* Debug */,
				30F2B12A1D4A523A0094A21A /* Release */,
			);
			defaultConfigurationIsVisible = 0;
		};
		30F2B12B1D4A523A0094A21A /* Build configuration list for PBXNativeTarget "rrUITests" */ = {
			isa = XCConfigurationList;
			buildConfigurations = (
				30F2B12C1D4A523A0094A21A /* Debug */,
				30F2B12D1D4A523A0094A21A /* Release */,
			);
			defaultConfigurationIsVisible = 0;
		};
/* End XCConfigurationList section */
	};
	rootObject = 30F2B0F51D4A523A0094A21A /* Project object */;
}
